
Microsoft Visual Studio Solution File, Format Version 12.00
# Visual Studio 15
VisualStudioVersion = 15.0.28307.329
MinimumVisualStudioVersion = 10.0.40219.1
Project("{FAE04EC0-301F-11D3-BF4B-00C04F79EFBC}") = "Max-Num-Of-Inequalities", "Max-Num-Of-Inequalities\Max-Num-Of-Inequalities.csproj", "{14F27921-A542-4EB2-B6C6-62F4EC976EA7}"
EndProject
Global
	GlobalSection(SolutionConfigurationPlatforms) = preSolution
		Debug|Any CPU = Debug|Any CPU
		Release|Any CPU = Release|Any CPU
	EndGlobalSection
	GlobalSection(ProjectConfigurationPlatforms) = postSolution
		{14F27921-A542-4EB2-B6C6-62F4EC976EA7}.Debug|Any CPU.ActiveCfg = Debug|Any CPU
		{14F27921-A542-4EB2-B6C6-62F4EC976EA7}.Debug|Any CPU.Build.0 = Debug|Any CPU
		{14F27921-A542-4EB2-B6C6-62F4EC976EA7}.Release|Any CPU.ActiveCfg = Release|Any CPU
		{14F27921-A542-4EB2-B6C6-62F4EC976EA7}.Release|Any CPU.Build.0 = Release|Any CPU
	EndGlobalSection
	GlobalSection(SolutionProperties) = preSolution
		HideSolutionNode = FALSE
	EndGlobalSection
	GlobalSection(ExtensibilityGlobals) = postSolution
		SolutionGuid = {612E258E-45BD-456C-9F22-86A8FE17A9F7}
	EndGlobalSection
EndGlobal
